# This file is automatically @generated by Poetry and should not be changed by hand.

[[package]]
name = "asgiref"
version = "3.6.0"
description = "ASGI specs, helper code, and adapters"
category = "main"
optional = false
python-versions = ">=3.7"
files = [
    {file = "asgiref-3.6.0-py3-none-any.whl", hash = "sha256:71e68008da809b957b7ee4b43dbccff33d1b23519fb8344e33f049897077afac"},
    {file = "asgiref-3.6.0.tar.gz", hash = "sha256:9567dfe7bd8d3c8c892227827c41cce860b368104c3431da67a0c5a65a949506"},
]

[package.extras]
tests = ["mypy (>=0.800)", "pytest", "pytest-asyncio"]

[[package]]
name = "certifi"
version = "2022.12.7"
description = "Python package for providing Mozilla's CA Bundle."
category = "main"
optional = false
python-versions = ">=3.6"
files = [
    {file = "certifi-2022.12.7-py3-none-any.whl", hash = "sha256:4ad3232f5e926d6718ec31cfc1fcadfde020920e278684144551c91769c7bc18"},
    {file = "certifi-2022.12.7.tar.gz", hash = "sha256:35824b4c3a97115964b408844d64aa14db1cc518f6562e8d7261699d1350a9e3"},
]

[[package]]
name = "distro"
version = "1.8.0"
description = "Distro - an OS platform information API"
category = "main"
optional = false
python-versions = ">=3.6"
files = [
    {file = "distro-1.8.0-py3-none-any.whl", hash = "sha256:99522ca3e365cac527b44bde033f64c6945d90eb9f769703caaec52b09bbd3ff"},
    {file = "distro-1.8.0.tar.gz", hash = "sha256:02e111d1dc6a50abb8eed6bf31c3e48ed8b0830d1ea2a1b78c61765c2513fdd8"},
]

[[package]]
name = "django"
version = "4.1.5"
description = "A high-level Python web framework that encourages rapid development and clean, pragmatic design."
category = "main"
optional = false
python-versions = ">=3.8"
files = [
    {file = "Django-4.1.5-py3-none-any.whl", hash = "sha256:4b214a05fe4c99476e99e2445c8b978c8369c18d4dea8e22ec412862715ad763"},
    {file = "Django-4.1.5.tar.gz", hash = "sha256:ff56ebd7ead0fd5dbe06fe157b0024a7aaea2e0593bb3785fb594cf94dad58ef"},
]

[package.dependencies]
asgiref = ">=3.5.2,<4"
sqlparse = ">=0.2.2"
tzdata = {version = "*", markers = "sys_platform == \"win32\""}

[package.extras]
argon2 = ["argon2-cffi (>=19.1.0)"]
bcrypt = ["bcrypt"]

[[package]]
name = "funcsigs"
version = "1.0.2"
description = "Python function signatures from PEP362 for Python 2.6, 2.7 and 3.2+"
category = "main"
optional = false
python-versions = "*"
files = [
    {file = "funcsigs-1.0.2-py2.py3-none-any.whl", hash = "sha256:330cc27ccbf7f1e992e69fef78261dc7c6569012cf397db8d3de0234e6c937ca"},
    {file = "funcsigs-1.0.2.tar.gz", hash = "sha256:a7bb0f2cf3a3fd1ab2732cb49eba4252c2af4240442415b4abce3b87022a8f50"},
]

[[package]]
name = "protobuf"
version = "4.21.12"
description = ""
category = "main"
optional = false
python-versions = ">=3.7"
files = [
    {file = "protobuf-4.21.12-cp310-abi3-win32.whl", hash = "sha256:b135410244ebe777db80298297a97fbb4c862c881b4403b71bac9d4107d61fd1"},
    {file = "protobuf-4.21.12-cp310-abi3-win_amd64.whl", hash = "sha256:89f9149e4a0169cddfc44c74f230d7743002e3aa0b9472d8c28f0388102fc4c2"},
    {file = "protobuf-4.21.12-cp37-abi3-macosx_10_9_universal2.whl", hash = "sha256:299ea899484ee6f44604deb71f424234f654606b983cb496ea2a53e3c63ab791"},
    {file = "protobuf-4.21.12-cp37-abi3-manylinux2014_aarch64.whl", hash = "sha256:d1736130bce8cf131ac7957fa26880ca19227d4ad68b4888b3be0dea1f95df97"},
    {file = "protobuf-4.21.12-cp37-abi3-manylinux2014_x86_64.whl", hash = "sha256:78a28c9fa223998472886c77042e9b9afb6fe4242bd2a2a5aced88e3f4422aa7"},
    {file = "protobuf-4.21.12-cp37-cp37m-win32.whl", hash = "sha256:3d164928ff0727d97022957c2b849250ca0e64777ee31efd7d6de2e07c494717"},
    {file = "protobuf-4.21.12-cp37-cp37m-win_amd64.whl", hash = "sha256:f45460f9ee70a0ec1b6694c6e4e348ad2019275680bd68a1d9314b8c7e01e574"},
    {file = "protobuf-4.21.12-cp38-cp38-win32.whl", hash = "sha256:6ab80df09e3208f742c98443b6166bcb70d65f52cfeb67357d52032ea1ae9bec"},
    {file = "protobuf-4.21.12-cp38-cp38-win_amd64.whl", hash = "sha256:1f22ac0ca65bb70a876060d96d914dae09ac98d114294f77584b0d2644fa9c30"},
    {file = "protobuf-4.21.12-cp39-cp39-win32.whl", hash = "sha256:27f4d15021da6d2b706ddc3860fac0a5ddaba34ab679dc182b60a8bb4e1121cc"},
    {file = "protobuf-4.21.12-cp39-cp39-win_amd64.whl", hash = "sha256:237216c3326d46808a9f7c26fd1bd4b20015fb6867dc5d263a493ef9a539293b"},
    {file = "protobuf-4.21.12-py2.py3-none-any.whl", hash = "sha256:a53fd3f03e578553623272dc46ac2f189de23862e68565e83dde203d41b76fc5"},
    {file = "protobuf-4.21.12-py3-none-any.whl", hash = "sha256:b98d0148f84e3a3c569e19f52103ca1feacdac0d2df8d6533cf983d1fda28462"},
    {file = "protobuf-4.21.12.tar.gz", hash = "sha256:7cd532c4566d0e6feafecc1059d04c7915aec8e182d1cf7adee8b24ef1e2e6ab"},
]

[[package]]
name = "psutil"
version = "5.9.4"
description = "Cross-platform lib for process and system monitoring in Python."
category = "main"
optional = false
python-versions = ">=2.7, !=3.0.*, !=3.1.*, !=3.2.*, !=3.3.*"
files = [
    {file = "psutil-5.9.4-cp27-cp27m-macosx_10_9_x86_64.whl", hash = "sha256:c1ca331af862803a42677c120aff8a814a804e09832f166f226bfd22b56feee8"},
    {file = "psutil-5.9.4-cp27-cp27m-manylinux2010_i686.whl", hash = "sha256:68908971daf802203f3d37e78d3f8831b6d1014864d7a85937941bb35f09aefe"},
    {file = "psutil-5.9.4-cp27-cp27m-manylinux2010_x86_64.whl", hash = "sha256:3ff89f9b835100a825b14c2808a106b6fdcc4b15483141482a12c725e7f78549"},
    {file = "psutil-5.9.4-cp27-cp27m-win32.whl", hash = "sha256:852dd5d9f8a47169fe62fd4a971aa07859476c2ba22c2254d4a1baa4e10b95ad"},
    {file = "psutil-5.9.4-cp27-cp27m-win_amd64.whl", hash = "sha256:9120cd39dca5c5e1c54b59a41d205023d436799b1c8c4d3ff71af18535728e94"},
    {file = "psutil-5.9.4-cp27-cp27mu-manylinux2010_i686.whl", hash = "sha256:6b92c532979bafc2df23ddc785ed116fced1f492ad90a6830cf24f4d1ea27d24"},
    {file = "psutil-5.9.4-cp27-cp27mu-manylinux2010_x86_64.whl", hash = "sha256:efeae04f9516907be44904cc7ce08defb6b665128992a56957abc9b61dca94b7"},
    {file = "psutil-5.9.4-cp36-abi3-macosx_10_9_x86_64.whl", hash = "sha256:54d5b184728298f2ca8567bf83c422b706200bcbbfafdc06718264f9393cfeb7"},
    {file = "psutil-5.9.4-cp36-abi3-manylinux_2_12_i686.manylinux2010_i686.manylinux_2_17_i686.manylinux2014_i686.whl", hash = "sha256:16653106f3b59386ffe10e0bad3bb6299e169d5327d3f187614b1cb8f24cf2e1"},
    {file = "psutil-5.9.4-cp36-abi3-manylinux_2_12_x86_64.manylinux2010_x86_64.manylinux_2_17_x86_64.manylinux2014_x86_64.whl", hash = "sha256:54c0d3d8e0078b7666984e11b12b88af2db11d11249a8ac8920dd5ef68a66e08"},
    {file = "psutil-5.9.4-cp36-abi3-win32.whl", hash = "sha256:149555f59a69b33f056ba1c4eb22bb7bf24332ce631c44a319cec09f876aaeff"},
    {file = "psutil-5.9.4-cp36-abi3-win_amd64.whl", hash = "sha256:fd8522436a6ada7b4aad6638662966de0d61d241cb821239b2ae7013d41a43d4"},
    {file = "psutil-5.9.4-cp38-abi3-macosx_11_0_arm64.whl", hash = "sha256:6001c809253a29599bc0dfd5179d9f8a5779f9dffea1da0f13c53ee568115e1e"},
    {file = "psutil-5.9.4.tar.gz", hash = "sha256:3d7f9739eb435d4b1338944abe23f49584bde5395f27487d2ee25ad9a8774a62"},
]

[package.extras]
test = ["enum34", "ipaddress", "mock", "pywin32", "wmi"]

[[package]]
name = "python-dotenv"
version = "0.21.1"
description = "Read key-value pairs from a .env file and set them as environment variables"
category = "main"
optional = false
python-versions = ">=3.7"
files = [
    {file = "python-dotenv-0.21.1.tar.gz", hash = "sha256:1c93de8f636cde3ce377292818d0e440b6e45a82f215c3744979151fa8151c49"},
    {file = "python_dotenv-0.21.1-py3-none-any.whl", hash = "sha256:41e12e0318bebc859fcc4d97d4db8d20ad21721a6aa5047dd59f090391cb549a"},
]

[package.extras]
cli = ["click (>=5.0)"]

[[package]]
name = "rook"
version = "0.1.193"
description = "Rook is a Python package for on the fly debugging and data extraction for application in production"
category = "main"
optional = false
python-versions = "*"
files = [
    {file = "rook-0.1.193-cp27-cp27m-macosx_10_11_x86_64.whl", hash = "sha256:c4776509e3ddcbfa85efc29f1d6c3565591baf5c5da37085e19e246b3b9e5d6a"},
    {file = "rook-0.1.193-cp27-cp27m-manylinux_2_5_x86_64.manylinux1_x86_64.whl", hash = "sha256:5a350a32376879104a48db2c92c5e07e3ddecca18e1a47e581a2d49ede1881ea"},
    {file = "rook-0.1.193-cp27-cp27mu-manylinux_2_5_x86_64.manylinux1_x86_64.whl", hash = "sha256:147b8fda77af49cd79b848d15b57722e9842e70155b3bf807aa34c919f22cd55"},
    {file = "rook-0.1.193-cp310-cp310-macosx_10_11_x86_64.whl", hash = "sha256:66f8d299892ffc0f60889ad3262b6132a2fc71993ea05583af1e837728735552"},
    {file = "rook-0.1.193-cp310-cp310-manylinux_2_12_x86_64.manylinux2010_x86_64.whl", hash = "sha256:b6fb1029fb127a0f95501e21ab8ce86cb3f21c3c39e14ee8ea8f90dd64ef8b1e"},
    {file = "rook-0.1.193-cp310-cp310-manylinux_2_24_x86_64.whl", hash = "sha256:3b18e3a6447e36d48b66274b7f80db70b4f40723f560ee18deb41a84677a7cb1"},
    {file = "rook-0.1.193-cp311-cp311-macosx_10_11_x86_64.whl", hash = "sha256:6a0a5d9c0100f50e8aca28e21ecfab713641d9080d43c28d0f8108f2fbbfe7b0"},
    {file = "rook-0.1.193-cp311-cp311-manylinux_2_24_x86_64.whl", hash = "sha256:c0b6af36420604180d52352a9cf9fda10fa6a92454c54a17c6d331281d8cf9a6"},
    {file = "rook-0.1.193-cp35-cp35m-macosx_10_11_x86_64.whl", hash = "sha256:ef1cea7aa19d8b487145cf7acb01fdf6fcdcb76fb14760924c8cb6971da5fac6"},
    {file = "rook-0.1.193-cp35-cp35m-manylinux_2_5_x86_64.manylinux1_x86_64.whl", hash = "sha256:6156542bb09b440664ec64c6cf180e88ca18ba425391b8880eb8564e3e8b3099"},
    {file = "rook-0.1.193-cp36-cp36m-macosx_10_11_x86_64.whl", hash = "sha256:ea94a13b252e098f7c361324f5e8914667a876e09070b0b355cd23ca1449f7c4"},
    {file = "rook-0.1.193-cp36-cp36m-manylinux_2_12_x86_64.manylinux2010_x86_64.whl", hash = "sha256:3871753d46445a28f40d0f848f6cc525586b037fbe68778694c532ee4078a6af"},
    {file = "rook-0.1.193-cp36-cp36m-manylinux_2_24_x86_64.whl", hash = "sha256:fb4a45993d6d51b6978261ec2fd7fdc54c05d15347e2732447a6aad4527aa801"},
    {file = "rook-0.1.193-cp36-cp36m-manylinux_2_5_x86_64.manylinux1_x86_64.whl", hash = "sha256:5d9d21bda8e458d3ea992ca00d2a3e6ff803279a86565b5240901640a0f580e1"},
    {file = "rook-0.1.193-cp37-cp37m-macosx_10_11_x86_64.whl", hash = "sha256:7c4c413a23728a141cebc4957ec6d437f5b318fc055bf943340bbe458daff3d1"},
    {file = "rook-0.1.193-cp37-cp37m-manylinux_2_12_x86_64.manylinux2010_x86_64.whl", hash = "sha256:b6e9b6575f6d4e2ed517b847d0f87de3793253ae876f63c1a33466644a69faf6"},
    {file = "rook-0.1.193-cp37-cp37m-manylinux_2_24_x86_64.whl", hash = "sha256:a63a04ec701ef7c6a51f0bb2c437cc5958817ce857ac5628e327855072534aa6"},
    {file = "rook-0.1.193-cp37-cp37m-manylinux_2_5_x86_64.manylinux1_x86_64.whl", hash = "sha256:646a10946aec088d28598cc8af95f42ca1116d8b070b63aa100b49d91e24b02a"},
    {file = "rook-0.1.193-cp38-cp38-macosx_10_11_x86_64.whl", hash = "sha256:4291f812592ad7002e5a96a15c91f2ec5ec074a44656e235f100cad68099634d"},
    {file = "rook-0.1.193-cp38-cp38-manylinux_2_12_x86_64.manylinux2010_x86_64.whl", hash = "sha256:168e64864107d164b1d36df4633039bfca59473af5d47bfb7daea363c11f4a15"},
    {file = "rook-0.1.193-cp38-cp38-manylinux_2_24_x86_64.whl", hash = "sha256:23a357f7b895dc946d9ba2f8cfc48c5cb802056e0354f2d6902109637a56c68c"},
    {file = "rook-0.1.193-cp38-cp38-manylinux_2_5_x86_64.manylinux1_x86_64.whl", hash = "sha256:5e8ca24c2ecc9fd0e48566a23d98e21cd11d99e7f5a93a301d932bc0c0466b7e"},
    {file = "rook-0.1.193-cp39-cp39-macosx_10_11_x86_64.whl", hash = "sha256:74c0537102a0b88e99a92736a590fd5baa7dab6952901a579bf627b012f7379e"},
    {file = "rook-0.1.193-cp39-cp39-manylinux_2_12_x86_64.manylinux2010_x86_64.whl", hash = "sha256:4077d9d787cd3200a9891ff9e8082adf58c750424a2342cb076d60d14e52c4c5"},
    {file = "rook-0.1.193-cp39-cp39-manylinux_2_24_x86_64.whl", hash = "sha256:489998bfc6e69e24f8c5da303ad4197508fcf148b28bfff19861284bd4816f7d"},
    {file = "rook-0.1.193-cp39-cp39-manylinux_2_5_x86_64.manylinux1_x86_64.whl", hash = "sha256:ff34a43fc1a98c7b6cc2e50432c6c18330ae8b6e521140be303d8709f38c7f92"},
    {file = "rook-0.1.193.tar.gz", hash = "sha256:0b309359dfbe904a4e61a405cd2407401fd7d64c60a5dde0f50fcacf651d07de"},
]

[package.dependencies]
certifi = "*"
distro = "*"
funcsigs = "*"
protobuf = {version = ">=3.8.0", markers = "python_version >= \"3.7\""}
psutil = ">=5.8.0"
six = ">=1.13"
websocket-client = ">=0.56,<0.58 || >0.58,<0.59 || >0.59,<1.0 || >1.0,<1.1 || >1.1"

[package.extras]
ssl-backport = ["PyOpenSSL", "backports.ssl", "backports.ssl-match-hostname"]

[[package]]
name = "six"
version = "1.16.0"
description = "Python 2 and 3 compatibility utilities"
category = "main"
optional = false
python-versions = ">=2.7, !=3.0.*, !=3.1.*, !=3.2.*"
files = [
    {file = "six-1.16.0-py2.py3-none-any.whl", hash = "sha256:8abb2f1d86890a2dfb989f9a77cfcfd3e47c2a354b01111771326f8aa26e0254"},
    {file = "six-1.16.0.tar.gz", hash = "sha256:1e61c37477a1626458e36f7b1d82aa5c9b094fa4802892072e49de9c60c4c926"},
]

[[package]]
name = "sqlparse"
version = "0.4.3"
description = "A non-validating SQL parser."
category = "main"
optional = false
python-versions = ">=3.5"
files = [
    {file = "sqlparse-0.4.3-py3-none-any.whl", hash = "sha256:0323c0ec29cd52bceabc1b4d9d579e311f3e4961b98d174201d5622a23b85e34"},
    {file = "sqlparse-0.4.3.tar.gz", hash = "sha256:69ca804846bb114d2ec380e4360a8a340db83f0ccf3afceeb1404df028f57268"},
]

[[package]]
name = "tzdata"
version = "2022.7"
description = "Provider of IANA time zone data"
category = "main"
optional = false
python-versions = ">=2"
files = [
    {file = "tzdata-2022.7-py2.py3-none-any.whl", hash = "sha256:2b88858b0e3120792a3c0635c23daf36a7d7eeeca657c323da299d2094402a0d"},
    {file = "tzdata-2022.7.tar.gz", hash = "sha256:fe5f866eddd8b96e9fcba978f8e503c909b19ea7efda11e52e39494bad3a7bfa"},
]

[[package]]
name = "websocket-client"
version = "1.5.0"
description = "WebSocket client for Python with low level API options"
category = "main"
optional = false
python-versions = ">=3.7"
files = [
    {file = "websocket-client-1.5.0.tar.gz", hash = "sha256:561ca949e5bbb5d33409a37235db55c279235c78ee407802f1d2314fff8a8536"},
    {file = "websocket_client-1.5.0-py3-none-any.whl", hash = "sha256:fb5d81b95d350f3a54838ebcb4c68a5353bbd1412ae8f068b1e5280faeb13074"},
]

[package.extras]
docs = ["Sphinx (>=3.4)", "sphinx-rtd-theme (>=0.5)"]
optional = ["python-socks", "wsaccel"]
test = ["websockets"]

[metadata]
lock-version = "2.0"
python-versions = "^3.10"
content-hash = "115bdf6c5417d048db1a61fb3ecf2e27b73d51d17aef438ddd980114cc33143b"
